
Microsoft Visual Studio Solution File, Format Version 12.00
# Visual Studio Version 16
VisualStudioVersion = 16.0.29009.5
MinimumVisualStudioVersion = 10.0.40219.1
Project("{2150E333-8FDC-42A3-9474-1A3956D46DE8}") = "src", "src", "{2A3FD988-2BB8-43CF-B3A2-B70E648259D4}"
EndProject
Project("{2150E333-8FDC-42A3-9474-1A3956D46DE8}") = "build", "build", "{A5A8CE48-FF38-4A49-9E59-0EC1FC4474C0}"
	ProjectSection(SolutionItems) = preProject
		.env = .env
		build.ps1 = build.ps1
		build\dependencies.props = build\dependencies.props
		docker-compose.yml = docker-compose.yml
		dotnet-install.ps1 = dotnet-install.ps1
		install-sdk.ps1 = install-sdk.ps1
	EndProjectSection
EndProject
Project("{2150E333-8FDC-42A3-9474-1A3956D46DE8}") = "test", "test", "{FF4414C2-8863-4ADA-8A1D-4B9F25C361FE}"
EndProject
Project("{9A19103F-16F7-4668-BE54-9A1E7A4F7556}") = "FunctionalTests", "test\FunctionalTests\FunctionalTests.csproj", "{81A29AE5-5ABC-4D00-AE02-5CFF38E15579}"
EndProject
Project("{9A19103F-16F7-4668-BE54-9A1E7A4F7556}") = "HealthChecks.IdSvr", "src\HealthChecks.IdSvr\HealthChecks.IdSvr.csproj", "{332F4E33-7D1E-42F6-B509-2950D2B40188}"
EndProject
Project("{9A19103F-16F7-4668-BE54-9A1E7A4F7556}") = "HealthChecks.Uris", "src\HealthChecks.Uris\HealthChecks.Uris.csproj", "{ED6D5756-ABEB-4EC6-9A09-F1B1EA398F97}"
EndProject
Project("{9A19103F-16F7-4668-BE54-9A1E7A4F7556}") = "HealthChecks.SqlServer", "src\HealthChecks.SqlServer\HealthChecks.SqlServer.csproj", "{6C9B61AA-BCFC-4230-9407-12B23E522580}"
EndProject
Project("{9A19103F-16F7-4668-BE54-9A1E7A4F7556}") = "HealthChecks.Sqlite", "src\HealthChecks.Sqlite\HealthChecks.Sqlite.csproj", "{65E0BF0F-B3B6-4DFD-A3E3-F91FE02DA7D3}"
EndProject
Project("{9A19103F-16F7-4668-BE54-9A1E7A4F7556}") = "HealthChecks.Redis", "src\HealthChecks.Redis\HealthChecks.Redis.csproj", "{44C9850D-B260-412F-AD74-0C930562C396}"
EndProject
Project("{9A19103F-16F7-4668-BE54-9A1E7A4F7556}") = "HealthChecks.RabbitMQ", "src\HealthChecks.RabbitMQ\HealthChecks.RabbitMQ.csproj", "{4E8CC4CC-49AA-4A64-92BF-008DB1944649}"
EndProject
Project("{9A19103F-16F7-4668-BE54-9A1E7A4F7556}") = "HealthChecks.Oracle", "src\HealthChecks.Oracle\HealthChecks.Oracle.csproj", "{CADA1206-3769-4AFD-B20A-E98270592648}"
EndProject
Project("{9A19103F-16F7-4668-BE54-9A1E7A4F7556}") = "HealthChecks.NpgSql", "src\HealthChecks.NpgSql\HealthChecks.NpgSql.csproj", "{E6DCAE74-A1B1-4B23-879D-3D71BC13CFC6}"
EndProject
Project("{9A19103F-16F7-4668-BE54-9A1E7A4F7556}") = "HealthChecks.MongoDb", "src\HealthChecks.MongoDb\HealthChecks.MongoDb.csproj", "{28C46480-9F1D-4FCC-B65C-2B554C4342AB}"
EndProject
Project("{9A19103F-16F7-4668-BE54-9A1E7A4F7556}") = "HealthChecks.MySql", "src\HealthChecks.MySql\HealthChecks.MySql.csproj", "{012FB7B4-D996-446C-8B98-9D429D5A0861}"
EndProject
Project("{9A19103F-16F7-4668-BE54-9A1E7A4F7556}") = "HealthChecks.Kafka", "src\HealthChecks.Kafka\HealthChecks.Kafka.csproj", "{6DF5AF51-A3DE-437C-8983-9AF60FB16BF6}"
EndProject
Project("{9A19103F-16F7-4668-BE54-9A1E7A4F7556}") = "HealthChecks.System", "src\HealthChecks.System\HealthChecks.System.csproj", "{E6AF5AD6-618A-491D-B8BB-F8EF56C6B403}"
EndProject
Project("{9A19103F-16F7-4668-BE54-9A1E7A4F7556}") = "HealthChecks.Network", "src\HealthChecks.Network\HealthChecks.Network.csproj", "{46A58C98-B38F-486C-83BA-3772A217A24E}"
EndProject
Project("{9A19103F-16F7-4668-BE54-9A1E7A4F7556}") = "HealthChecks.DocumentDb", "src\HealthChecks.DocumentDb\HealthChecks.DocumentDb.csproj", "{F42DB8D6-65CE-4C7B-A1CB-560DDA468F93}"
EndProject
Project("{9A19103F-16F7-4668-BE54-9A1E7A4F7556}") = "HealthChecks.AzureStorage", "src\HealthChecks.AzureStorage\HealthChecks.AzureStorage.csproj", "{E7A1DD9B-B7B1-450D-9736-331EE85649E1}"
EndProject
Project("{9A19103F-16F7-4668-BE54-9A1E7A4F7556}") = "HealthChecks.AzureServiceBus", "src\HealthChecks.AzureServiceBus\HealthChecks.AzureServiceBus.csproj", "{4F45BB95-CB91-406D-B8A4-01E2830CC451}"
EndProject
Project("{9A19103F-16F7-4668-BE54-9A1E7A4F7556}") = "HealthChecks.UI", "src\HealthChecks.UI\HealthChecks.UI.csproj", "{6AE01EB5-86D4-4603-B798-26C7DB63AEB3}"
EndProject
Project("{2150E333-8FDC-42A3-9474-1A3956D46DE8}") = "samples", "samples", "{092533AB-7505-4EDC-8932-D40BF575D0D2}"
EndProject
Project("{9A19103F-16F7-4668-BE54-9A1E7A4F7556}") = "HealthChecks.UI.Sample", "samples\HealthChecks.UI.Sample\HealthChecks.UI.Sample.csproj", "{7C8F7A48-2FF9-4CF4-AAAC-142053E34FC0}"
	ProjectSection(ProjectDependencies) = postProject
		{B7C5C213-677D-4B03-ADA9-101299BCA047} = {B7C5C213-677D-4B03-ADA9-101299BCA047}
		{B1E1B671-EAA2-42A2-909E-0DE2C9900BF6} = {B1E1B671-EAA2-42A2-909E-0DE2C9900BF6}
		{91DF8A73-8174-4EA2-ABFA-2557B71EE090} = {91DF8A73-8174-4EA2-ABFA-2557B71EE090}
	EndProjectSection
EndProject
Project("{9A19103F-16F7-4668-BE54-9A1E7A4F7556}") = "HealthChecks.Publisher.ApplicationInsights", "src\HealthChecks.Publisher.ApplicationInsights\HealthChecks.Publisher.ApplicationInsights.csproj", "{EEF1E206-DEE3-45F2-A753-73D2FFFF8EDA}"
EndProject
Project("{9A19103F-16F7-4668-BE54-9A1E7A4F7556}") = "HealthChecks.Sample", "samples\HealthChecks.Sample\HealthChecks.Sample.csproj", "{0A7AF6F0-DEA6-4195-91F3-CD9E2484E1F3}"
EndProject
Project("{9A19103F-16F7-4668-BE54-9A1E7A4F7556}") = "HealthChecks.UI.Client", "src\HealthChecks.UI.Client\HealthChecks.UI.Client.csproj", "{B1E1B671-EAA2-42A2-909E-0DE2C9900BF6}"
EndProject
Project("{9A19103F-16F7-4668-BE54-9A1E7A4F7556}") = "HealthChecks.Publisher.Prometheus", "src\HealthChecks.Publisher.Prometheus\HealthChecks.Publisher.Prometheus.csproj", "{AA04C349-6402-4241-A611-60EA3CFBD4ED}"
EndProject
Project("{9A19103F-16F7-4668-BE54-9A1E7A4F7556}") = "HealthChecks.Aws.S3", "src\HealthChecks.Aws.S3\HealthChecks.Aws.S3.csproj", "{79EA41F3-AEB2-49E0-9C13-E3741DAA3968}"
EndProject
Project("{9A19103F-16F7-4668-BE54-9A1E7A4F7556}") = "HealthChecks.DynamoDb", "src\HealthChecks.DynamoDb\HealthChecks.DynamoDb.csproj", "{6FB1E70A-2915-4810-BCA4-AF38010AF949}"
EndProject
Project("{9A19103F-16F7-4668-BE54-9A1E7A4F7556}") = "HealthChecks.Elasticsearch", "src\HealthChecks.Elasticsearch\HealthChecks.Elasticsearch.csproj", "{8ACAEE4F-55EA-452F-A5EF-9D99EA9885F9}"
EndProject
Project("{9A19103F-16F7-4668-BE54-9A1E7A4F7556}") = "HealthChecks.EventStore", "src\HealthChecks.EventStore\HealthChecks.EventStore.csproj", "{39667845-526D-46ED-90F0-05ED6B8814F1}"
EndProject
Project("{9A19103F-16F7-4668-BE54-9A1E7A4F7556}") = "HealthChecks.Publisher.Seq", "src\HealthChecks.Publisher.Seq\HealthChecks.Publisher.Seq.csproj", "{60C84400-DF56-49BE-B26F-D1F70003A1B4}"
EndProject
Project("{9A19103F-16F7-4668-BE54-9A1E7A4F7556}") = "HealthChecks.AzureKeyVault", "src\HealthChecks.AzureKeyVault\HealthChecks.AzureKeyVault.csproj", "{A6414860-EBAE-43E4-8109-DE745DA15C43}"
EndProject
Project("{9A19103F-16F7-4668-BE54-9A1E7A4F7556}") = "UnitTests", "test\UnitTests\UnitTests.csproj", "{300A1B42-EA00-480A-AC43-007EBC7CE472}"
EndProject
Project("{9A19103F-16F7-4668-BE54-9A1E7A4F7556}") = "HealthChecks.UIAndApi", "samples\HealthChecks.UIAndApi\HealthChecks.UIAndApi.csproj", "{91DF8A73-8174-4EA2-ABFA-2557B71EE090}"
EndProject
Project("{9A19103F-16F7-4668-BE54-9A1E7A4F7556}") = "HealthChecks.UIAndApiCustomization", "samples\HealthChecks.UIAndApiCustomization\HealthChecks.UIAndApiCustomization.csproj", "{B7C5C213-677D-4B03-ADA9-101299BCA047}"
EndProject
Project("{9A19103F-16F7-4668-BE54-9A1E7A4F7556}") = "HealthChecks.Consul", "src\HealthChecks.Consul\HealthChecks.Consul.csproj", "{6F2F1445-01C9-4CFD-9F41-BD95E4F96BA6}"
EndProject
Project("{9A19103F-16F7-4668-BE54-9A1E7A4F7556}") = "HealthChecks.Hangfire", "src\HealthChecks.Hangfire\HealthChecks.Hangfire.csproj", "{439DF9B7-5D0F-4531-BA19-F1BD01B244DB}"
EndProject
Project("{9A19103F-16F7-4668-BE54-9A1E7A4F7556}") = "HealthChecks.RavenDB", "src\HealthChecks.RavenDB\HealthChecks.RavenDB.csproj", "{E91924B0-BE65-4CF8-A43A-2F22EEFE53F2}"
EndProject
Project("{9A19103F-16F7-4668-BE54-9A1E7A4F7556}") = "HealthChecks.Kubernetes", "src\HealthChecks.Kubernetes\HealthChecks.Kubernetes.csproj", "{AFEB2B9F-6750-4DDA-AACC-B05D899D04E1}"
EndProject
Project("{9A19103F-16F7-4668-BE54-9A1E7A4F7556}") = "HealthChecks.SignalR", "src\HealthChecks.SignalR\HealthChecks.SignalR.csproj", "{6A4616DA-6471-478C-9797-D19029AD757C}"
EndProject
Project("{9A19103F-16F7-4668-BE54-9A1E7A4F7556}") = "HealthChecks.CosmosDb", "src\HealthChecks.CosmosDb\HealthChecks.CosmosDb.csproj", "{08FE3B71-2C9C-459B-9943-0C141191453C}"
EndProject
Project("{9A19103F-16F7-4668-BE54-9A1E7A4F7556}") = "HealthChecks.Gcp.CloudFirestore", "src\HealthChecks.Gcp.CloudFirestore\HealthChecks.Gcp.CloudFirestore.csproj", "{F561CEBE-C1D4-45CC-978C-A7CAA8A1F0C4}"
EndProject
Project("{9A19103F-16F7-4668-BE54-9A1E7A4F7556}") = "HealthChecks.Publisher.Datadog", "src\HealthChecks.Publisher.Datadog\HealthChecks.Publisher.Datadog.csproj", "{18F9E412-646D-4751-9751-30AA7A0233DF}"
EndProject
Project("{9A19103F-16F7-4668-BE54-9A1E7A4F7556}") = "HealthChecks.UI.Branding", "samples\HealthChecks.UI.Branding\HealthChecks.UI.Branding.csproj", "{B526834E-9392-4749-BAB2-7DF579F8F418}"
EndProject
Project("{9A19103F-16F7-4668-BE54-9A1E7A4F7556}") = "HealthChecks.Azure.IoTHub", "src\HealthChecks.Azure.IoTHub\HealthChecks.Azure.IoTHub.csproj", "{252BB504-B7CB-4581-8CD8-D7398CAA16F5}"
EndProject
Project("{9A19103F-16F7-4668-BE54-9A1E7A4F7556}") = "HealthChecks.IbmMQ", "src\HealthChecks.IbmMQ\HealthChecks.IbmMQ.csproj", "{AC711D43-DD3D-4C7C-BF31-1EAADEF50E10}"
EndProject
Project("{9A19103F-16F7-4668-BE54-9A1E7A4F7556}") = "HealthChecks.UI.K8s.Operator", "src\HealthChecks.UI.K8s.Operator\HealthChecks.UI.K8s.Operator.csproj", "{692313D3-E947-494A-83B7-754E2FFAF348}"
EndProject
Project("{9A19103F-16F7-4668-BE54-9A1E7A4F7556}") = "HealthChecks.UI.Image", "build\docker-images\HealthChecks.UI.Image\HealthChecks.UI.Image.csproj", "{737E4FD6-EA77-4608-A20F-767557FE3190}"
EndProject
Project("{2150E333-8FDC-42A3-9474-1A3956D46DE8}") = "docker-image", "docker-image", "{95119F6F-87C8-45B8-8D95-61736FBEBEDE}"
EndProject
Project("{9A19103F-16F7-4668-BE54-9A1E7A4F7556}") = "HealthChecks.Solr", "src\HealthChecks.Solr\HealthChecks.Solr.csproj", "{6054F41F-6FAA-4E7F-AAE3-5B22228C1468}"
EndProject
Global
	GlobalSection(SolutionConfigurationPlatforms) = preSolution
		Debug|Any CPU = Debug|Any CPU
		Release|Any CPU = Release|Any CPU
	EndGlobalSection
	GlobalSection(ProjectConfigurationPlatforms) = postSolution
		{81A29AE5-5ABC-4D00-AE02-5CFF38E15579}.Debug|Any CPU.ActiveCfg = Debug|Any CPU
		{81A29AE5-5ABC-4D00-AE02-5CFF38E15579}.Debug|Any CPU.Build.0 = Debug|Any CPU
		{81A29AE5-5ABC-4D00-AE02-5CFF38E15579}.Release|Any CPU.ActiveCfg = Release|Any CPU
		{81A29AE5-5ABC-4D00-AE02-5CFF38E15579}.Release|Any CPU.Build.0 = Release|Any CPU
		{332F4E33-7D1E-42F6-B509-2950D2B40188}.Debug|Any CPU.ActiveCfg = Debug|Any CPU
		{332F4E33-7D1E-42F6-B509-2950D2B40188}.Debug|Any CPU.Build.0 = Debug|Any CPU
		{332F4E33-7D1E-42F6-B509-2950D2B40188}.Release|Any CPU.ActiveCfg = Release|Any CPU
		{332F4E33-7D1E-42F6-B509-2950D2B40188}.Release|Any CPU.Build.0 = Release|Any CPU
		{ED6D5756-ABEB-4EC6-9A09-F1B1EA398F97}.Debug|Any CPU.ActiveCfg = Debug|Any CPU
		{ED6D5756-ABEB-4EC6-9A09-F1B1EA398F97}.Debug|Any CPU.Build.0 = Debug|Any CPU
		{ED6D5756-ABEB-4EC6-9A09-F1B1EA398F97}.Release|Any CPU.ActiveCfg = Release|Any CPU
		{ED6D5756-ABEB-4EC6-9A09-F1B1EA398F97}.Release|Any CPU.Build.0 = Release|Any CPU
		{6C9B61AA-BCFC-4230-9407-12B23E522580}.Debug|Any CPU.ActiveCfg = Debug|Any CPU
		{6C9B61AA-BCFC-4230-9407-12B23E522580}.Debug|Any CPU.Build.0 = Debug|Any CPU
		{6C9B61AA-BCFC-4230-9407-12B23E522580}.Release|Any CPU.ActiveCfg = Release|Any CPU
		{6C9B61AA-BCFC-4230-9407-12B23E522580}.Release|Any CPU.Build.0 = Release|Any CPU
		{65E0BF0F-B3B6-4DFD-A3E3-F91FE02DA7D3}.Debug|Any CPU.ActiveCfg = Debug|Any CPU
		{65E0BF0F-B3B6-4DFD-A3E3-F91FE02DA7D3}.Debug|Any CPU.Build.0 = Debug|Any CPU
		{65E0BF0F-B3B6-4DFD-A3E3-F91FE02DA7D3}.Release|Any CPU.ActiveCfg = Release|Any CPU
		{65E0BF0F-B3B6-4DFD-A3E3-F91FE02DA7D3}.Release|Any CPU.Build.0 = Release|Any CPU
		{44C9850D-B260-412F-AD74-0C930562C396}.Debug|Any CPU.ActiveCfg = Debug|Any CPU
		{44C9850D-B260-412F-AD74-0C930562C396}.Debug|Any CPU.Build.0 = Debug|Any CPU
		{44C9850D-B260-412F-AD74-0C930562C396}.Release|Any CPU.ActiveCfg = Release|Any CPU
		{44C9850D-B260-412F-AD74-0C930562C396}.Release|Any CPU.Build.0 = Release|Any CPU
		{4E8CC4CC-49AA-4A64-92BF-008DB1944649}.Debug|Any CPU.ActiveCfg = Debug|Any CPU
		{4E8CC4CC-49AA-4A64-92BF-008DB1944649}.Debug|Any CPU.Build.0 = Debug|Any CPU
		{4E8CC4CC-49AA-4A64-92BF-008DB1944649}.Release|Any CPU.ActiveCfg = Release|Any CPU
		{4E8CC4CC-49AA-4A64-92BF-008DB1944649}.Release|Any CPU.Build.0 = Release|Any CPU
		{CADA1206-3769-4AFD-B20A-E98270592648}.Debug|Any CPU.ActiveCfg = Debug|Any CPU
		{CADA1206-3769-4AFD-B20A-E98270592648}.Debug|Any CPU.Build.0 = Debug|Any CPU
		{CADA1206-3769-4AFD-B20A-E98270592648}.Release|Any CPU.ActiveCfg = Release|Any CPU
		{CADA1206-3769-4AFD-B20A-E98270592648}.Release|Any CPU.Build.0 = Release|Any CPU
		{E6DCAE74-A1B1-4B23-879D-3D71BC13CFC6}.Debug|Any CPU.ActiveCfg = Debug|Any CPU
		{E6DCAE74-A1B1-4B23-879D-3D71BC13CFC6}.Debug|Any CPU.Build.0 = Debug|Any CPU
		{E6DCAE74-A1B1-4B23-879D-3D71BC13CFC6}.Release|Any CPU.ActiveCfg = Release|Any CPU
		{E6DCAE74-A1B1-4B23-879D-3D71BC13CFC6}.Release|Any CPU.Build.0 = Release|Any CPU
		{28C46480-9F1D-4FCC-B65C-2B554C4342AB}.Debug|Any CPU.ActiveCfg = Debug|Any CPU
		{28C46480-9F1D-4FCC-B65C-2B554C4342AB}.Debug|Any CPU.Build.0 = Debug|Any CPU
		{28C46480-9F1D-4FCC-B65C-2B554C4342AB}.Release|Any CPU.ActiveCfg = Release|Any CPU
		{28C46480-9F1D-4FCC-B65C-2B554C4342AB}.Release|Any CPU.Build.0 = Release|Any CPU
		{012FB7B4-D996-446C-8B98-9D429D5A0861}.Debug|Any CPU.ActiveCfg = Debug|Any CPU
		{012FB7B4-D996-446C-8B98-9D429D5A0861}.Debug|Any CPU.Build.0 = Debug|Any CPU
		{012FB7B4-D996-446C-8B98-9D429D5A0861}.Release|Any CPU.ActiveCfg = Release|Any CPU
		{012FB7B4-D996-446C-8B98-9D429D5A0861}.Release|Any CPU.Build.0 = Release|Any CPU
		{6DF5AF51-A3DE-437C-8983-9AF60FB16BF6}.Debug|Any CPU.ActiveCfg = Debug|Any CPU
		{6DF5AF51-A3DE-437C-8983-9AF60FB16BF6}.Debug|Any CPU.Build.0 = Debug|Any CPU
		{6DF5AF51-A3DE-437C-8983-9AF60FB16BF6}.Release|Any CPU.ActiveCfg = Release|Any CPU
		{6DF5AF51-A3DE-437C-8983-9AF60FB16BF6}.Release|Any CPU.Build.0 = Release|Any CPU
		{E6AF5AD6-618A-491D-B8BB-F8EF56C6B403}.Debug|Any CPU.ActiveCfg = Debug|Any CPU
		{E6AF5AD6-618A-491D-B8BB-F8EF56C6B403}.Debug|Any CPU.Build.0 = Debug|Any CPU
		{E6AF5AD6-618A-491D-B8BB-F8EF56C6B403}.Release|Any CPU.ActiveCfg = Release|Any CPU
		{E6AF5AD6-618A-491D-B8BB-F8EF56C6B403}.Release|Any CPU.Build.0 = Release|Any CPU
		{46A58C98-B38F-486C-83BA-3772A217A24E}.Debug|Any CPU.ActiveCfg = Debug|Any CPU
		{46A58C98-B38F-486C-83BA-3772A217A24E}.Debug|Any CPU.Build.0 = Debug|Any CPU
		{46A58C98-B38F-486C-83BA-3772A217A24E}.Release|Any CPU.ActiveCfg = Release|Any CPU
		{46A58C98-B38F-486C-83BA-3772A217A24E}.Release|Any CPU.Build.0 = Release|Any CPU
		{F42DB8D6-65CE-4C7B-A1CB-560DDA468F93}.Debug|Any CPU.ActiveCfg = Debug|Any CPU
		{F42DB8D6-65CE-4C7B-A1CB-560DDA468F93}.Debug|Any CPU.Build.0 = Debug|Any CPU
		{F42DB8D6-65CE-4C7B-A1CB-560DDA468F93}.Release|Any CPU.ActiveCfg = Release|Any CPU
		{F42DB8D6-65CE-4C7B-A1CB-560DDA468F93}.Release|Any CPU.Build.0 = Release|Any CPU
		{E7A1DD9B-B7B1-450D-9736-331EE85649E1}.Debug|Any CPU.ActiveCfg = Debug|Any CPU
		{E7A1DD9B-B7B1-450D-9736-331EE85649E1}.Debug|Any CPU.Build.0 = Debug|Any CPU
		{E7A1DD9B-B7B1-450D-9736-331EE85649E1}.Release|Any CPU.ActiveCfg = Release|Any CPU
		{E7A1DD9B-B7B1-450D-9736-331EE85649E1}.Release|Any CPU.Build.0 = Release|Any CPU
		{4F45BB95-CB91-406D-B8A4-01E2830CC451}.Debug|Any CPU.ActiveCfg = Debug|Any CPU
		{4F45BB95-CB91-406D-B8A4-01E2830CC451}.Debug|Any CPU.Build.0 = Debug|Any CPU
		{4F45BB95-CB91-406D-B8A4-01E2830CC451}.Release|Any CPU.ActiveCfg = Release|Any CPU
		{4F45BB95-CB91-406D-B8A4-01E2830CC451}.Release|Any CPU.Build.0 = Release|Any CPU
		{6AE01EB5-86D4-4603-B798-26C7DB63AEB3}.Debug|Any CPU.ActiveCfg = Debug|Any CPU
		{6AE01EB5-86D4-4603-B798-26C7DB63AEB3}.Debug|Any CPU.Build.0 = Debug|Any CPU
		{6AE01EB5-86D4-4603-B798-26C7DB63AEB3}.Release|Any CPU.ActiveCfg = Release|Any CPU
		{6AE01EB5-86D4-4603-B798-26C7DB63AEB3}.Release|Any CPU.Build.0 = Release|Any CPU
		{7C8F7A48-2FF9-4CF4-AAAC-142053E34FC0}.Debug|Any CPU.ActiveCfg = Debug|Any CPU
		{7C8F7A48-2FF9-4CF4-AAAC-142053E34FC0}.Debug|Any CPU.Build.0 = Debug|Any CPU
		{7C8F7A48-2FF9-4CF4-AAAC-142053E34FC0}.Release|Any CPU.ActiveCfg = Release|Any CPU
		{7C8F7A48-2FF9-4CF4-AAAC-142053E34FC0}.Release|Any CPU.Build.0 = Release|Any CPU
		{EEF1E206-DEE3-45F2-A753-73D2FFFF8EDA}.Debug|Any CPU.ActiveCfg = Debug|Any CPU
		{EEF1E206-DEE3-45F2-A753-73D2FFFF8EDA}.Debug|Any CPU.Build.0 = Debug|Any CPU
		{EEF1E206-DEE3-45F2-A753-73D2FFFF8EDA}.Release|Any CPU.ActiveCfg = Release|Any CPU
		{EEF1E206-DEE3-45F2-A753-73D2FFFF8EDA}.Release|Any CPU.Build.0 = Release|Any CPU
		{0A7AF6F0-DEA6-4195-91F3-CD9E2484E1F3}.Debug|Any CPU.ActiveCfg = Debug|Any CPU
		{0A7AF6F0-DEA6-4195-91F3-CD9E2484E1F3}.Debug|Any CPU.Build.0 = Debug|Any CPU
		{0A7AF6F0-DEA6-4195-91F3-CD9E2484E1F3}.Release|Any CPU.ActiveCfg = Release|Any CPU
		{0A7AF6F0-DEA6-4195-91F3-CD9E2484E1F3}.Release|Any CPU.Build.0 = Release|Any CPU
		{B1E1B671-EAA2-42A2-909E-0DE2C9900BF6}.Debug|Any CPU.ActiveCfg = Debug|Any CPU
		{B1E1B671-EAA2-42A2-909E-0DE2C9900BF6}.Debug|Any CPU.Build.0 = Debug|Any CPU
		{B1E1B671-EAA2-42A2-909E-0DE2C9900BF6}.Release|Any CPU.ActiveCfg = Release|Any CPU
		{B1E1B671-EAA2-42A2-909E-0DE2C9900BF6}.Release|Any CPU.Build.0 = Release|Any CPU
		{AA04C349-6402-4241-A611-60EA3CFBD4ED}.Debug|Any CPU.ActiveCfg = Debug|Any CPU
		{AA04C349-6402-4241-A611-60EA3CFBD4ED}.Debug|Any CPU.Build.0 = Debug|Any CPU
		{AA04C349-6402-4241-A611-60EA3CFBD4ED}.Release|Any CPU.ActiveCfg = Release|Any CPU
		{AA04C349-6402-4241-A611-60EA3CFBD4ED}.Release|Any CPU.Build.0 = Release|Any CPU
		{79EA41F3-AEB2-49E0-9C13-E3741DAA3968}.Debug|Any CPU.ActiveCfg = Debug|Any CPU
		{79EA41F3-AEB2-49E0-9C13-E3741DAA3968}.Debug|Any CPU.Build.0 = Debug|Any CPU
		{79EA41F3-AEB2-49E0-9C13-E3741DAA3968}.Release|Any CPU.ActiveCfg = Release|Any CPU
		{79EA41F3-AEB2-49E0-9C13-E3741DAA3968}.Release|Any CPU.Build.0 = Release|Any CPU
		{6FB1E70A-2915-4810-BCA4-AF38010AF949}.Debug|Any CPU.ActiveCfg = Debug|Any CPU
		{6FB1E70A-2915-4810-BCA4-AF38010AF949}.Debug|Any CPU.Build.0 = Debug|Any CPU
		{6FB1E70A-2915-4810-BCA4-AF38010AF949}.Release|Any CPU.ActiveCfg = Release|Any CPU
		{6FB1E70A-2915-4810-BCA4-AF38010AF949}.Release|Any CPU.Build.0 = Release|Any CPU
		{8ACAEE4F-55EA-452F-A5EF-9D99EA9885F9}.Debug|Any CPU.ActiveCfg = Debug|Any CPU
		{8ACAEE4F-55EA-452F-A5EF-9D99EA9885F9}.Debug|Any CPU.Build.0 = Debug|Any CPU
		{8ACAEE4F-55EA-452F-A5EF-9D99EA9885F9}.Release|Any CPU.ActiveCfg = Release|Any CPU
		{8ACAEE4F-55EA-452F-A5EF-9D99EA9885F9}.Release|Any CPU.Build.0 = Release|Any CPU
		{39667845-526D-46ED-90F0-05ED6B8814F1}.Debug|Any CPU.ActiveCfg = Debug|Any CPU
		{39667845-526D-46ED-90F0-05ED6B8814F1}.Debug|Any CPU.Build.0 = Debug|Any CPU
		{39667845-526D-46ED-90F0-05ED6B8814F1}.Release|Any CPU.ActiveCfg = Release|Any CPU
		{39667845-526D-46ED-90F0-05ED6B8814F1}.Release|Any CPU.Build.0 = Release|Any CPU
		{60C84400-DF56-49BE-B26F-D1F70003A1B4}.Debug|Any CPU.ActiveCfg = Debug|Any CPU
		{60C84400-DF56-49BE-B26F-D1F70003A1B4}.Debug|Any CPU.Build.0 = Debug|Any CPU
		{60C84400-DF56-49BE-B26F-D1F70003A1B4}.Release|Any CPU.ActiveCfg = Release|Any CPU
		{60C84400-DF56-49BE-B26F-D1F70003A1B4}.Release|Any CPU.Build.0 = Release|Any CPU
		{A6414860-EBAE-43E4-8109-DE745DA15C43}.Debug|Any CPU.ActiveCfg = Debug|Any CPU
		{A6414860-EBAE-43E4-8109-DE745DA15C43}.Debug|Any CPU.Build.0 = Debug|Any CPU
		{A6414860-EBAE-43E4-8109-DE745DA15C43}.Release|Any CPU.ActiveCfg = Release|Any CPU
		{A6414860-EBAE-43E4-8109-DE745DA15C43}.Release|Any CPU.Build.0 = Release|Any CPU
		{300A1B42-EA00-480A-AC43-007EBC7CE472}.Debug|Any CPU.ActiveCfg = Debug|Any CPU
		{300A1B42-EA00-480A-AC43-007EBC7CE472}.Debug|Any CPU.Build.0 = Debug|Any CPU
		{300A1B42-EA00-480A-AC43-007EBC7CE472}.Release|Any CPU.ActiveCfg = Release|Any CPU
		{300A1B42-EA00-480A-AC43-007EBC7CE472}.Release|Any CPU.Build.0 = Release|Any CPU
		{91DF8A73-8174-4EA2-ABFA-2557B71EE090}.Debug|Any CPU.ActiveCfg = Debug|Any CPU
		{91DF8A73-8174-4EA2-ABFA-2557B71EE090}.Debug|Any CPU.Build.0 = Debug|Any CPU
		{91DF8A73-8174-4EA2-ABFA-2557B71EE090}.Release|Any CPU.ActiveCfg = Release|Any CPU
		{91DF8A73-8174-4EA2-ABFA-2557B71EE090}.Release|Any CPU.Build.0 = Release|Any CPU
		{B7C5C213-677D-4B03-ADA9-101299BCA047}.Debug|Any CPU.ActiveCfg = Debug|Any CPU
		{B7C5C213-677D-4B03-ADA9-101299BCA047}.Debug|Any CPU.Build.0 = Debug|Any CPU
		{B7C5C213-677D-4B03-ADA9-101299BCA047}.Release|Any CPU.ActiveCfg = Release|Any CPU
		{B7C5C213-677D-4B03-ADA9-101299BCA047}.Release|Any CPU.Build.0 = Release|Any CPU
		{6F2F1445-01C9-4CFD-9F41-BD95E4F96BA6}.Debug|Any CPU.ActiveCfg = Debug|Any CPU
		{6F2F1445-01C9-4CFD-9F41-BD95E4F96BA6}.Debug|Any CPU.Build.0 = Debug|Any CPU
		{6F2F1445-01C9-4CFD-9F41-BD95E4F96BA6}.Release|Any CPU.ActiveCfg = Release|Any CPU
		{6F2F1445-01C9-4CFD-9F41-BD95E4F96BA6}.Release|Any CPU.Build.0 = Release|Any CPU
		{439DF9B7-5D0F-4531-BA19-F1BD01B244DB}.Debug|Any CPU.ActiveCfg = Debug|Any CPU
		{439DF9B7-5D0F-4531-BA19-F1BD01B244DB}.Debug|Any CPU.Build.0 = Debug|Any CPU
		{439DF9B7-5D0F-4531-BA19-F1BD01B244DB}.Release|Any CPU.ActiveCfg = Release|Any CPU
		{439DF9B7-5D0F-4531-BA19-F1BD01B244DB}.Release|Any CPU.Build.0 = Release|Any CPU
		{E91924B0-BE65-4CF8-A43A-2F22EEFE53F2}.Debug|Any CPU.ActiveCfg = Debug|Any CPU
		{E91924B0-BE65-4CF8-A43A-2F22EEFE53F2}.Debug|Any CPU.Build.0 = Debug|Any CPU
		{E91924B0-BE65-4CF8-A43A-2F22EEFE53F2}.Release|Any CPU.ActiveCfg = Release|Any CPU
		{E91924B0-BE65-4CF8-A43A-2F22EEFE53F2}.Release|Any CPU.Build.0 = Release|Any CPU
		{AFEB2B9F-6750-4DDA-AACC-B05D899D04E1}.Debug|Any CPU.ActiveCfg = Debug|Any CPU
		{AFEB2B9F-6750-4DDA-AACC-B05D899D04E1}.Debug|Any CPU.Build.0 = Debug|Any CPU
		{AFEB2B9F-6750-4DDA-AACC-B05D899D04E1}.Release|Any CPU.ActiveCfg = Release|Any CPU
		{AFEB2B9F-6750-4DDA-AACC-B05D899D04E1}.Release|Any CPU.Build.0 = Release|Any CPU
		{6A4616DA-6471-478C-9797-D19029AD757C}.Debug|Any CPU.ActiveCfg = Debug|Any CPU
		{6A4616DA-6471-478C-9797-D19029AD757C}.Debug|Any CPU.Build.0 = Debug|Any CPU
		{6A4616DA-6471-478C-9797-D19029AD757C}.Release|Any CPU.ActiveCfg = Release|Any CPU
		{6A4616DA-6471-478C-9797-D19029AD757C}.Release|Any CPU.Build.0 = Release|Any CPU
		{08FE3B71-2C9C-459B-9943-0C141191453C}.Debug|Any CPU.ActiveCfg = Debug|Any CPU
		{08FE3B71-2C9C-459B-9943-0C141191453C}.Debug|Any CPU.Build.0 = Debug|Any CPU
		{08FE3B71-2C9C-459B-9943-0C141191453C}.Release|Any CPU.ActiveCfg = Release|Any CPU
		{08FE3B71-2C9C-459B-9943-0C141191453C}.Release|Any CPU.Build.0 = Release|Any CPU
		{F561CEBE-C1D4-45CC-978C-A7CAA8A1F0C4}.Debug|Any CPU.ActiveCfg = Debug|Any CPU
		{F561CEBE-C1D4-45CC-978C-A7CAA8A1F0C4}.Debug|Any CPU.Build.0 = Debug|Any CPU
		{F561CEBE-C1D4-45CC-978C-A7CAA8A1F0C4}.Release|Any CPU.ActiveCfg = Release|Any CPU
		{F561CEBE-C1D4-45CC-978C-A7CAA8A1F0C4}.Release|Any CPU.Build.0 = Release|Any CPU
		{18F9E412-646D-4751-9751-30AA7A0233DF}.Debug|Any CPU.ActiveCfg = Debug|Any CPU
		{18F9E412-646D-4751-9751-30AA7A0233DF}.Debug|Any CPU.Build.0 = Debug|Any CPU
		{18F9E412-646D-4751-9751-30AA7A0233DF}.Release|Any CPU.ActiveCfg = Release|Any CPU
		{18F9E412-646D-4751-9751-30AA7A0233DF}.Release|Any CPU.Build.0 = Release|Any CPU
		{B526834E-9392-4749-BAB2-7DF579F8F418}.Debug|Any CPU.ActiveCfg = Debug|Any CPU
		{B526834E-9392-4749-BAB2-7DF579F8F418}.Debug|Any CPU.Build.0 = Debug|Any CPU
		{B526834E-9392-4749-BAB2-7DF579F8F418}.Release|Any CPU.ActiveCfg = Release|Any CPU
		{B526834E-9392-4749-BAB2-7DF579F8F418}.Release|Any CPU.Build.0 = Release|Any CPU
		{252BB504-B7CB-4581-8CD8-D7398CAA16F5}.Debug|Any CPU.ActiveCfg = Debug|Any CPU
		{252BB504-B7CB-4581-8CD8-D7398CAA16F5}.Debug|Any CPU.Build.0 = Debug|Any CPU
		{252BB504-B7CB-4581-8CD8-D7398CAA16F5}.Release|Any CPU.ActiveCfg = Release|Any CPU
		{252BB504-B7CB-4581-8CD8-D7398CAA16F5}.Release|Any CPU.Build.0 = Release|Any CPU
		{692313D3-E947-494A-83B7-754E2FFAF348}.Debug|Any CPU.ActiveCfg = Debug|Any CPU
		{692313D3-E947-494A-83B7-754E2FFAF348}.Debug|Any CPU.Build.0 = Debug|Any CPU
		{692313D3-E947-494A-83B7-754E2FFAF348}.Release|Any CPU.ActiveCfg = Release|Any CPU
		{692313D3-E947-494A-83B7-754E2FFAF348}.Release|Any CPU.Build.0 = Release|Any CPU
		{737E4FD6-EA77-4608-A20F-767557FE3190}.Debug|Any CPU.ActiveCfg = Debug|Any CPU
		{737E4FD6-EA77-4608-A20F-767557FE3190}.Debug|Any CPU.Build.0 = Debug|Any CPU
		{737E4FD6-EA77-4608-A20F-767557FE3190}.Release|Any CPU.ActiveCfg = Release|Any CPU
		{737E4FD6-EA77-4608-A20F-767557FE3190}.Release|Any CPU.Build.0 = Release|Any CPU
		{6054F41F-6FAA-4E7F-AAE3-5B22228C1468}.Debug|Any CPU.ActiveCfg = Debug|Any CPU
		{6054F41F-6FAA-4E7F-AAE3-5B22228C1468}.Debug|Any CPU.Build.0 = Debug|Any CPU
		{6054F41F-6FAA-4E7F-AAE3-5B22228C1468}.Release|Any CPU.ActiveCfg = Release|Any CPU
		{6054F41F-6FAA-4E7F-AAE3-5B22228C1468}.Release|Any CPU.Build.0 = Release|Any CPU
		{AC711D43-DD3D-4C7C-BF31-1EAADEF50E10}.Debug|Any CPU.ActiveCfg = Debug|Any CPU
		{AC711D43-DD3D-4C7C-BF31-1EAADEF50E10}.Debug|Any CPU.Build.0 = Debug|Any CPU
		{AC711D43-DD3D-4C7C-BF31-1EAADEF50E10}.Release|Any CPU.ActiveCfg = Release|Any CPU
		{AC711D43-DD3D-4C7C-BF31-1EAADEF50E10}.Release|Any CPU.Build.0 = Release|Any CPU
	EndGlobalSection
	GlobalSection(SolutionProperties) = preSolution
		HideSolutionNode = FALSE
	EndGlobalSection
	GlobalSection(NestedProjects) = preSolution
		{81A29AE5-5ABC-4D00-AE02-5CFF38E15579} = {FF4414C2-8863-4ADA-8A1D-4B9F25C361FE}
		{332F4E33-7D1E-42F6-B509-2950D2B40188} = {2A3FD988-2BB8-43CF-B3A2-B70E648259D4}
		{ED6D5756-ABEB-4EC6-9A09-F1B1EA398F97} = {2A3FD988-2BB8-43CF-B3A2-B70E648259D4}
		{6C9B61AA-BCFC-4230-9407-12B23E522580} = {2A3FD988-2BB8-43CF-B3A2-B70E648259D4}
		{65E0BF0F-B3B6-4DFD-A3E3-F91FE02DA7D3} = {2A3FD988-2BB8-43CF-B3A2-B70E648259D4}
		{44C9850D-B260-412F-AD74-0C930562C396} = {2A3FD988-2BB8-43CF-B3A2-B70E648259D4}
		{4E8CC4CC-49AA-4A64-92BF-008DB1944649} = {2A3FD988-2BB8-43CF-B3A2-B70E648259D4}
		{CADA1206-3769-4AFD-B20A-E98270592648} = {2A3FD988-2BB8-43CF-B3A2-B70E648259D4}
		{E6DCAE74-A1B1-4B23-879D-3D71BC13CFC6} = {2A3FD988-2BB8-43CF-B3A2-B70E648259D4}
		{28C46480-9F1D-4FCC-B65C-2B554C4342AB} = {2A3FD988-2BB8-43CF-B3A2-B70E648259D4}
		{012FB7B4-D996-446C-8B98-9D429D5A0861} = {2A3FD988-2BB8-43CF-B3A2-B70E648259D4}
		{6DF5AF51-A3DE-437C-8983-9AF60FB16BF6} = {2A3FD988-2BB8-43CF-B3A2-B70E648259D4}
		{E6AF5AD6-618A-491D-B8BB-F8EF56C6B403} = {2A3FD988-2BB8-43CF-B3A2-B70E648259D4}
		{46A58C98-B38F-486C-83BA-3772A217A24E} = {2A3FD988-2BB8-43CF-B3A2-B70E648259D4}
		{F42DB8D6-65CE-4C7B-A1CB-560DDA468F93} = {2A3FD988-2BB8-43CF-B3A2-B70E648259D4}
		{E7A1DD9B-B7B1-450D-9736-331EE85649E1} = {2A3FD988-2BB8-43CF-B3A2-B70E648259D4}
		{4F45BB95-CB91-406D-B8A4-01E2830CC451} = {2A3FD988-2BB8-43CF-B3A2-B70E648259D4}
		{6AE01EB5-86D4-4603-B798-26C7DB63AEB3} = {2A3FD988-2BB8-43CF-B3A2-B70E648259D4}
		{7C8F7A48-2FF9-4CF4-AAAC-142053E34FC0} = {092533AB-7505-4EDC-8932-D40BF575D0D2}
		{EEF1E206-DEE3-45F2-A753-73D2FFFF8EDA} = {2A3FD988-2BB8-43CF-B3A2-B70E648259D4}
		{0A7AF6F0-DEA6-4195-91F3-CD9E2484E1F3} = {092533AB-7505-4EDC-8932-D40BF575D0D2}
		{B1E1B671-EAA2-42A2-909E-0DE2C9900BF6} = {2A3FD988-2BB8-43CF-B3A2-B70E648259D4}
		{AA04C349-6402-4241-A611-60EA3CFBD4ED} = {2A3FD988-2BB8-43CF-B3A2-B70E648259D4}
		{79EA41F3-AEB2-49E0-9C13-E3741DAA3968} = {2A3FD988-2BB8-43CF-B3A2-B70E648259D4}
		{6FB1E70A-2915-4810-BCA4-AF38010AF949} = {2A3FD988-2BB8-43CF-B3A2-B70E648259D4}
		{8ACAEE4F-55EA-452F-A5EF-9D99EA9885F9} = {2A3FD988-2BB8-43CF-B3A2-B70E648259D4}
		{39667845-526D-46ED-90F0-05ED6B8814F1} = {2A3FD988-2BB8-43CF-B3A2-B70E648259D4}
		{60C84400-DF56-49BE-B26F-D1F70003A1B4} = {2A3FD988-2BB8-43CF-B3A2-B70E648259D4}
		{A6414860-EBAE-43E4-8109-DE745DA15C43} = {2A3FD988-2BB8-43CF-B3A2-B70E648259D4}
		{300A1B42-EA00-480A-AC43-007EBC7CE472} = {FF4414C2-8863-4ADA-8A1D-4B9F25C361FE}
		{91DF8A73-8174-4EA2-ABFA-2557B71EE090} = {092533AB-7505-4EDC-8932-D40BF575D0D2}
		{B7C5C213-677D-4B03-ADA9-101299BCA047} = {092533AB-7505-4EDC-8932-D40BF575D0D2}
		{6F2F1445-01C9-4CFD-9F41-BD95E4F96BA6} = {2A3FD988-2BB8-43CF-B3A2-B70E648259D4}
		{439DF9B7-5D0F-4531-BA19-F1BD01B244DB} = {2A3FD988-2BB8-43CF-B3A2-B70E648259D4}
		{E91924B0-BE65-4CF8-A43A-2F22EEFE53F2} = {2A3FD988-2BB8-43CF-B3A2-B70E648259D4}
		{AFEB2B9F-6750-4DDA-AACC-B05D899D04E1} = {2A3FD988-2BB8-43CF-B3A2-B70E648259D4}
		{6A4616DA-6471-478C-9797-D19029AD757C} = {2A3FD988-2BB8-43CF-B3A2-B70E648259D4}
		{08FE3B71-2C9C-459B-9943-0C141191453C} = {2A3FD988-2BB8-43CF-B3A2-B70E648259D4}
		{F561CEBE-C1D4-45CC-978C-A7CAA8A1F0C4} = {2A3FD988-2BB8-43CF-B3A2-B70E648259D4}
		{18F9E412-646D-4751-9751-30AA7A0233DF} = {2A3FD988-2BB8-43CF-B3A2-B70E648259D4}
		{B526834E-9392-4749-BAB2-7DF579F8F418} = {092533AB-7505-4EDC-8932-D40BF575D0D2}
		{252BB504-B7CB-4581-8CD8-D7398CAA16F5} = {2A3FD988-2BB8-43CF-B3A2-B70E648259D4}
		{692313D3-E947-494A-83B7-754E2FFAF348} = {2A3FD988-2BB8-43CF-B3A2-B70E648259D4}
		{737E4FD6-EA77-4608-A20F-767557FE3190} = {95119F6F-87C8-45B8-8D95-61736FBEBEDE}
		{6054F41F-6FAA-4E7F-AAE3-5B22228C1468} = {2A3FD988-2BB8-43CF-B3A2-B70E648259D4}
		{AC711D43-DD3D-4C7C-BF31-1EAADEF50E10} = {2A3FD988-2BB8-43CF-B3A2-B70E648259D4}
	EndGlobalSection
	GlobalSection(ExtensibilityGlobals) = postSolution
		SolutionGuid = {2B8C62A1-11B6-469F-874C-A02443256568}
	EndGlobalSection
EndGlobal
