{
  "name": "task",
  "version": "1.0.0",
  "lockfileVersion": 1,
  "requires": true,
  "dependencies": {
    "@types/jsonpath": {
      "version": "0.2.0",
      "resolved": "https://registry.npmjs.org/@types/jsonpath/-/jsonpath-0.2.0.tgz",
      "integrity": "sha512-v7qlPA0VpKUlEdhghbDqRoKMxFB3h3Ch688TApBJ6v+XLDdvWCGLJIYiPKGZnS6MAOie+IorCfNYVHOPIHSWwQ=="
    },
    "@types/node": {
      "version": "8.10.54",
      "resolved": "https://registry.npmjs.org/@types/node/-/node-8.10.54.tgz",
      "integrity": "sha512-kaYyLYf6ICn6/isAyD4K1MyWWd5Q3JgH6bnMN089LUx88+s4W8GvK9Q6JMBVu5vsFFp7pMdSxdKmlBXwH/VFRg==",
      "dev": true
    },
    "@types/q": {
      "version": "1.0.2",
      "resolved": "https://registry.npmjs.org/@types/q/-/q-1.0.2.tgz",
      "integrity": "sha512-XupAeovvjZlY23uWY2BT62DgG5BxaHH+qTz8FQQZ0v/FXHcPy3nFIZMfw3fIBMqTGn+13SblIyBNiE8eTO7Ryw==",
      "dev": true
    },
    "balanced-match": {
      "version": "1.0.0",
      "resolved": "https://registry.npmjs.org/balanced-match/-/balanced-match-1.0.0.tgz",
      "integrity": "sha1-ibTRmasr7kneFk6gK4nORi1xt2c="
    },
    "brace-expansion": {
      "version": "1.1.11",
      "resolved": "https://registry.npmjs.org/brace-expansion/-/brace-expansion-1.1.11.tgz",
      "integrity": "sha512-iCuPHDFgrHX7H2vEI/5xpz07zSHB00TpugqhmYtVmMO6518mCuRMoOYFldEBl0g187ufozdaHgWKcYFb61qGiA==",
      "requires": {
        "balanced-match": "^1.0.0",
        "concat-map": "0.0.1"
      }
    },
    "concat-map": {
      "version": "0.0.1",
      "resolved": "https://registry.npmjs.org/concat-map/-/concat-map-0.0.1.tgz",
      "integrity": "sha1-2Klr13/Wjfd5OnMDajug1UBdR3s="
    },
    "jsonpath-plus": {
      "version": "1.1.0",
      "resolved": "https://registry.npmjs.org/jsonpath-plus/-/jsonpath-plus-1.1.0.tgz",
      "integrity": "sha512-ydqTBOuLcFCUr9e7AxJlKCFgxzEQ03HjnIim0hJSdk2NxD8MOsaMOrRgP6XWEm5q3VuDY5+cRT1DM9vLlGo/qA=="
    },
    "minimatch": {
      "version": "3.0.4",
      "resolved": "https://registry.npmjs.org/minimatch/-/minimatch-3.0.4.tgz",
      "integrity": "sha512-yJHVQEhyqPLUTgt9B83PXu6W3rx4MvvHvSUvToogpwoGDOUQ+yDrR0HRot+yOCdCO7u4hX3pWft6kWBBcqh0UA==",
      "requires": {
        "brace-expansion": "^1.1.7"
      }
    },
    "mockery": {
      "version": "1.7.0",
      "resolved": "https://registry.npmjs.org/mockery/-/mockery-1.7.0.tgz",
      "integrity": "sha1-9O3g2HUMHJcnwnLqLGBiniyaHE8="
    },
    "q": {
      "version": "1.5.1",
      "resolved": "https://registry.npmjs.org/q/-/q-1.5.1.tgz",
      "integrity": "sha1-fjL3W0E4EpHQRhHxvxQQmsAGUdc="
    },
    "semver": {
      "version": "5.7.1",
      "resolved": "https://registry.npmjs.org/semver/-/semver-5.7.1.tgz",
      "integrity": "sha512-sauaDf/PZdVgrLTNYHRtpXa1iRiKcaebiKQ1BJdpQlWH2lCvexQdX55snPFyK7QzpudqbCI0qXFfOasHdyNDGQ=="
    },
    "shelljs": {
      "version": "0.3.0",
      "resolved": "https://registry.npmjs.org/shelljs/-/shelljs-0.3.0.tgz",
      "integrity": "sha1-NZbmMHp4FUT1kfN9phg2DzHbV7E="
    },
    "uuid": {
      "version": "3.3.3",
      "resolved": "https://registry.npmjs.org/uuid/-/uuid-3.3.3.tgz",
      "integrity": "sha512-pW0No1RGHgzlpHJO1nsVrHKpOEIxkGg1xB+v0ZmdNH5OAeAwzAVrCnI2/6Mtx+Uys6iaylxa+D3g4j63IKKjSQ=="
    },
    "vsts-task-lib": {
      "version": "2.7.0",
      "resolved": "https://registry.npmjs.org/vsts-task-lib/-/vsts-task-lib-2.7.0.tgz",
      "integrity": "sha512-zQqgneIZG3VY84RoIzkQr07r9fDH3lPpj6Qp07K89co/vyFznWJYpkjcdxubQm1YvgNu/P0yWYLdDruHyGGdtA==",
      "requires": {
        "minimatch": "3.0.4",
        "mockery": "^1.7.0",
        "q": "^1.1.2",
        "semver": "^5.1.0",
        "shelljs": "^0.3.0",
        "uuid": "^3.0.1"
      }
    }
  }
}
